Microsoft Visual Studio Solution File, Format Version 12.00
# Visual Studio Version 16
VisualStudioVersion = 16.0.33027.164
MinimumVisualStudioVersion = 10.0.40219.1
Project("{FAE04EC0-301F-11D3-BF4B-00C04F79EFBC}") = "KartBoundingBoxTool", "KartBoundingBoxTool.csproj", "{E00CE939-EB55-4087-927D-E9C9566AAB01}"
EndProject
Global
	GlobalSection(SolutionConfigurationPlatforms) = preSolution
		Debug|Any CPU = Debug|Any CPU
	EndGlobalSection
	GlobalSection(ProjectConfigurationPlatforms) = postSolution
		{E00CE939-EB55-4087-927D-E9C9566AAB01}.Debug|Any CPU.ActiveCfg = Debug|Any CPU
		{E00CE939-EB55-4087-927D-E9C9566AAB01}.Debug|Any CPU.Build.0 = Debug|Any CPU
	EndGlobalSection
	GlobalSection(SolutionProperties) = preSolution
		HideSolutionNode = FALSE
	EndGlobalSection
	GlobalSection(ExtensibilityGlobals) = postSolution
		SolutionGuid = {1B70A1E7-C496-4756-8EFB-F57AF60779DE}
	EndGlobalSection
EndGlobal
